
Microsoft Visual Studio Solution File, Format Version 12.00
Project("{FAE04EC0-301F-11D3-BF4B-00C04F79EFBC}") = "FamilyAPI", "FamilyAPI\FamilyAPI.csproj", "{D8608960-14D2-490A-BC1B-E033F2795FD4}"
EndProject
Project("{FAE04EC0-301F-11D3-BF4B-00C04F79EFBC}") = "FamilyInfo", "FamilyInfo\FamilyInfo.csproj", "{346ECE98-9D0F-4CEF-A0FF-7946F5BBED36}"
EndProject
Project("{2150E333-8FDC-42A3-9474-1A3956D46DE8}") = "Assignment3", "Assignment3", "{316482AD-38F2-431F-A6BA-FCEDD5B7B0A9}"
EndProject
Global
	GlobalSection(SolutionConfigurationPlatforms) = preSolution
		Debug|Any CPU = Debug|Any CPU
		Release|Any CPU = Release|Any CPU
	EndGlobalSection
	GlobalSection(ProjectConfigurationPlatforms) = postSolution
		{D8608960-14D2-490A-BC1B-E033F2795FD4}.Debug|Any CPU.ActiveCfg = Debug|Any CPU
		{D8608960-14D2-490A-BC1B-E033F2795FD4}.Debug|Any CPU.Build.0 = Debug|Any CPU
		{D8608960-14D2-490A-BC1B-E033F2795FD4}.Release|Any CPU.ActiveCfg = Release|Any CPU
		{D8608960-14D2-490A-BC1B-E033F2795FD4}.Release|Any CPU.Build.0 = Release|Any CPU
		{346ECE98-9D0F-4CEF-A0FF-7946F5BBED36}.Debug|Any CPU.ActiveCfg = Debug|Any CPU
		{346ECE98-9D0F-4CEF-A0FF-7946F5BBED36}.Debug|Any CPU.Build.0 = Debug|Any CPU
		{346ECE98-9D0F-4CEF-A0FF-7946F5BBED36}.Release|Any CPU.ActiveCfg = Release|Any CPU
		{346ECE98-9D0F-4CEF-A0FF-7946F5BBED36}.Release|Any CPU.Build.0 = Release|Any CPU
	EndGlobalSection
	GlobalSection(NestedProjects) = preSolution
		{D8608960-14D2-490A-BC1B-E033F2795FD4} = {316482AD-38F2-431F-A6BA-FCEDD5B7B0A9}
		{346ECE98-9D0F-4CEF-A0FF-7946F5BBED36} = {316482AD-38F2-431F-A6BA-FCEDD5B7B0A9}
	EndGlobalSection
EndGlobal
