
Microsoft Visual Studio Solution File, Format Version 12.00
Project("{2150E333-8FDC-42A3-9474-1A3956D46DE8}") = "Assignment3", "Assignment3", "{316482AD-38F2-431F-A6BA-FCEDD5B7B0A9}"
EndProject
Project("{2150E333-8FDC-42A3-9474-1A3956D46DE8}") = "Assignment2", "Assignment2", "{B5FDFFA1-AE4B-46D0-A72C-FAD4D8573374}"
EndProject
Project("{FAE04EC0-301F-11D3-BF4B-00C04F79EFBC}") = "FamilyInfo", "Assignment2\FamilyInfo\FamilyInfo.csproj", "{E0E43A5A-3196-4031-8952-894A723AC370}"
EndProject
Project("{FAE04EC0-301F-11D3-BF4B-00C04F79EFBC}") = "FamilyAPI", "Assignment3\FamilyAPI\FamilyAPI.csproj", "{8BF39709-E733-4D01-80A1-F6CD12AF7DE0}"
EndProject
Project("{FAE04EC0-301F-11D3-BF4B-00C04F79EFBC}") = "FamilyInfo", "Assignment3\FamilyInfo\FamilyInfo.csproj", "{D92EA179-B855-433C-9D57-39F399D5CBE8}"
EndProject
Global
	GlobalSection(SolutionConfigurationPlatforms) = preSolution
		Debug|Any CPU = Debug|Any CPU
		Release|Any CPU = Release|Any CPU
	EndGlobalSection
	GlobalSection(ProjectConfigurationPlatforms) = postSolution
		{E0E43A5A-3196-4031-8952-894A723AC370}.Debug|Any CPU.ActiveCfg = Debug|Any CPU
		{E0E43A5A-3196-4031-8952-894A723AC370}.Debug|Any CPU.Build.0 = Debug|Any CPU
		{E0E43A5A-3196-4031-8952-894A723AC370}.Release|Any CPU.ActiveCfg = Release|Any CPU
		{E0E43A5A-3196-4031-8952-894A723AC370}.Release|Any CPU.Build.0 = Release|Any CPU
		{8BF39709-E733-4D01-80A1-F6CD12AF7DE0}.Debug|Any CPU.ActiveCfg = Debug|Any CPU
		{8BF39709-E733-4D01-80A1-F6CD12AF7DE0}.Debug|Any CPU.Build.0 = Debug|Any CPU
		{8BF39709-E733-4D01-80A1-F6CD12AF7DE0}.Release|Any CPU.ActiveCfg = Release|Any CPU
		{8BF39709-E733-4D01-80A1-F6CD12AF7DE0}.Release|Any CPU.Build.0 = Release|Any CPU
		{D92EA179-B855-433C-9D57-39F399D5CBE8}.Debug|Any CPU.ActiveCfg = Debug|Any CPU
		{D92EA179-B855-433C-9D57-39F399D5CBE8}.Debug|Any CPU.Build.0 = Debug|Any CPU
		{D92EA179-B855-433C-9D57-39F399D5CBE8}.Release|Any CPU.ActiveCfg = Release|Any CPU
		{D92EA179-B855-433C-9D57-39F399D5CBE8}.Release|Any CPU.Build.0 = Release|Any CPU
	EndGlobalSection
	GlobalSection(NestedProjects) = preSolution
		{E0E43A5A-3196-4031-8952-894A723AC370} = {B5FDFFA1-AE4B-46D0-A72C-FAD4D8573374}
		{8BF39709-E733-4D01-80A1-F6CD12AF7DE0} = {316482AD-38F2-431F-A6BA-FCEDD5B7B0A9}
		{D92EA179-B855-433C-9D57-39F399D5CBE8} = {316482AD-38F2-431F-A6BA-FCEDD5B7B0A9}
	EndGlobalSection
EndGlobal
